
Microsoft Visual Studio Solution File, Format Version 12.00
# Visual Studio Version 17
VisualStudioVersion = 17.0.31903.59
MinimumVisualStudioVersion = 10.0.40219.1
Project("{2150E333-8FDC-42A3-9474-1A3956D46DE8}") = "src", "src", "{827E0CD3-B72D-47B6-A68D-7590B98EB39B}"
EndProject
Project("{FAE04EC0-301F-11D3-BF4B-00C04F79EFBC}") = "MerchantDeviceManager.Web", "src\MerchantDeviceManager.Web\MerchantDeviceManager.Web.csproj", "{9183FAAA-7957-4F98-80DC-3CD7A8BE998F}"
EndProject
Project("{FAE04EC0-301F-11D3-BF4B-00C04F79EFBC}") = "MerchantDeviceManager.Domain", "src\MerchantDeviceManager.Domain\MerchantDeviceManager.Domain.csproj", "{5838FCA6-ED98-4D40-9158-D3E02ADB6980}"
EndProject
Project("{FAE04EC0-301F-11D3-BF4B-00C04F79EFBC}") = "MerchantDeviceManager.Infrastructure", "src\MerchantDeviceManager.Infrastructure\MerchantDeviceManager.Infrastructure.csproj", "{D9AA25FA-EB89-4D0C-A7AE-7D571F424E5B}"
EndProject
Project("{2150E333-8FDC-42A3-9474-1A3956D46DE8}") = "tests", "tests", "{0AB3BF05-4346-4AA6-1389-037BE0695223}"
EndProject
Project("{FAE04EC0-301F-11D3-BF4B-00C04F79EFBC}") = "MerchantDeviceManager.Tests", "tests\MerchantDeviceManager.Tests\MerchantDeviceManager.Tests.csproj", "{1A316043-8B51-46CE-916B-E2F555CE73BF}"
EndProject
Global
	GlobalSection(SolutionConfigurationPlatforms) = preSolution
		Debug|Any CPU = Debug|Any CPU
		Debug|x64 = Debug|x64
		Debug|x86 = Debug|x86
		Release|Any CPU = Release|Any CPU
		Release|x64 = Release|x64
		Release|x86 = Release|x86
	EndGlobalSection
	GlobalSection(ProjectConfigurationPlatforms) = postSolution
		{9183FAAA-7957-4F98-80DC-3CD7A8BE998F}.Debug|Any CPU.ActiveCfg = Debug|Any CPU
		{9183FAAA-7957-4F98-80DC-3CD7A8BE998F}.Debug|Any CPU.Build.0 = Debug|Any CPU
		{9183FAAA-7957-4F98-80DC-3CD7A8BE998F}.Debug|x64.ActiveCfg = Debug|Any CPU
		{9183FAAA-7957-4F98-80DC-3CD7A8BE998F}.Debug|x64.Build.0 = Debug|Any CPU
		{9183FAAA-7957-4F98-80DC-3CD7A8BE998F}.Debug|x86.ActiveCfg = Debug|Any CPU
		{9183FAAA-7957-4F98-80DC-3CD7A8BE998F}.Debug|x86.Build.0 = Debug|Any CPU
		{9183FAAA-7957-4F98-80DC-3CD7A8BE998F}.Release|Any CPU.ActiveCfg = Release|Any CPU
		{9183FAAA-7957-4F98-80DC-3CD7A8BE998F}.Release|Any CPU.Build.0 = Release|Any CPU
		{9183FAAA-7957-4F98-80DC-3CD7A8BE998F}.Release|x64.ActiveCfg = Release|Any CPU
		{9183FAAA-7957-4F98-80DC-3CD7A8BE998F}.Release|x64.Build.0 = Release|Any CPU
		{9183FAAA-7957-4F98-80DC-3CD7A8BE998F}.Release|x86.ActiveCfg = Release|Any CPU
		{9183FAAA-7957-4F98-80DC-3CD7A8BE998F}.Release|x86.Build.0 = Release|Any CPU
		{5838FCA6-ED98-4D40-9158-D3E02ADB6980}.Debug|Any CPU.ActiveCfg = Debug|Any CPU
		{5838FCA6-ED98-4D40-9158-D3E02ADB6980}.Debug|Any CPU.Build.0 = Debug|Any CPU
		{5838FCA6-ED98-4D40-9158-D3E02ADB6980}.Debug|x64.ActiveCfg = Debug|Any CPU
		{5838FCA6-ED98-4D40-9158-D3E02ADB6980}.Debug|x64.Build.0 = Debug|Any CPU
		{5838FCA6-ED98-4D40-9158-D3E02ADB6980}.Debug|x86.ActiveCfg = Debug|Any CPU
		{5838FCA6-ED98-4D40-9158-D3E02ADB6980}.Debug|x86.Build.0 = Debug|Any CPU
		{5838FCA6-ED98-4D40-9158-D3E02ADB6980}.Release|Any CPU.ActiveCfg = Release|Any CPU
		{5838FCA6-ED98-4D40-9158-D3E02ADB6980}.Release|Any CPU.Build.0 = Release|Any CPU
		{5838FCA6-ED98-4D40-9158-D3E02ADB6980}.Release|x64.ActiveCfg = Release|Any CPU
		{5838FCA6-ED98-4D40-9158-D3E02ADB6980}.Release|x64.Build.0 = Release|Any CPU
		{5838FCA6-ED98-4D40-9158-D3E02ADB6980}.Release|x86.ActiveCfg = Release|Any CPU
		{5838FCA6-ED98-4D40-9158-D3E02ADB6980}.Release|x86.Build.0 = Release|Any CPU
		{D9AA25FA-EB89-4D0C-A7AE-7D571F424E5B}.Debug|Any CPU.ActiveCfg = Debug|Any CPU
		{D9AA25FA-EB89-4D0C-A7AE-7D571F424E5B}.Debug|Any CPU.Build.0 = Debug|Any CPU
		{D9AA25FA-EB89-4D0C-A7AE-7D571F424E5B}.Debug|x64.ActiveCfg = Debug|Any CPU
		{D9AA25FA-EB89-4D0C-A7AE-7D571F424E5B}.Debug|x64.Build.0 = Debug|Any CPU
		{D9AA25FA-EB89-4D0C-A7AE-7D571F424E5B}.Debug|x86.ActiveCfg = Debug|Any CPU
		{D9AA25FA-EB89-4D0C-A7AE-7D571F424E5B}.Debug|x86.Build.0 = Debug|Any CPU
		{D9AA25FA-EB89-4D0C-A7AE-7D571F424E5B}.Release|Any CPU.ActiveCfg = Release|Any CPU
		{D9AA25FA-EB89-4D0C-A7AE-7D571F424E5B}.Release|Any CPU.Build.0 = Release|Any CPU
		{D9AA25FA-EB89-4D0C-A7AE-7D571F424E5B}.Release|x64.ActiveCfg = Release|Any CPU
		{D9AA25FA-EB89-4D0C-A7AE-7D571F424E5B}.Release|x64.Build.0 = Release|Any CPU
		{D9AA25FA-EB89-4D0C-A7AE-7D571F424E5B}.Release|x86.ActiveCfg = Release|Any CPU
		{D9AA25FA-EB89-4D0C-A7AE-7D571F424E5B}.Release|x86.Build.0 = Release|Any CPU
		{1A316043-8B51-46CE-916B-E2F555CE73BF}.Debug|Any CPU.ActiveCfg = Debug|Any CPU
		{1A316043-8B51-46CE-916B-E2F555CE73BF}.Debug|Any CPU.Build.0 = Debug|Any CPU
		{1A316043-8B51-46CE-916B-E2F555CE73BF}.Debug|x64.ActiveCfg = Debug|Any CPU
		{1A316043-8B51-46CE-916B-E2F555CE73BF}.Debug|x64.Build.0 = Debug|Any CPU
		{1A316043-8B51-46CE-916B-E2F555CE73BF}.Debug|x86.ActiveCfg = Debug|Any CPU
		{1A316043-8B51-46CE-916B-E2F555CE73BF}.Debug|x86.Build.0 = Debug|Any CPU
		{1A316043-8B51-46CE-916B-E2F555CE73BF}.Release|Any CPU.ActiveCfg = Release|Any CPU
		{1A316043-8B51-46CE-916B-E2F555CE73BF}.Release|Any CPU.Build.0 = Release|Any CPU
		{1A316043-8B51-46CE-916B-E2F555CE73BF}.Release|x64.ActiveCfg = Release|Any CPU
		{1A316043-8B51-46CE-916B-E2F555CE73BF}.Release|x64.Build.0 = Release|Any CPU
		{1A316043-8B51-46CE-916B-E2F555CE73BF}.Release|x86.ActiveCfg = Release|Any CPU
		{1A316043-8B51-46CE-916B-E2F555CE73BF}.Release|x86.Build.0 = Release|Any CPU
	EndGlobalSection
	GlobalSection(SolutionProperties) = preSolution
		HideSolutionNode = FALSE
	EndGlobalSection
	GlobalSection(NestedProjects) = preSolution
		{9183FAAA-7957-4F98-80DC-3CD7A8BE998F} = {827E0CD3-B72D-47B6-A68D-7590B98EB39B}
		{5838FCA6-ED98-4D40-9158-D3E02ADB6980} = {827E0CD3-B72D-47B6-A68D-7590B98EB39B}
		{D9AA25FA-EB89-4D0C-A7AE-7D571F424E5B} = {827E0CD3-B72D-47B6-A68D-7590B98EB39B}
		{1A316043-8B51-46CE-916B-E2F555CE73BF} = {0AB3BF05-4346-4AA6-1389-037BE0695223}
	EndGlobalSection
EndGlobal
